// !$*UTF8*$!
{
	archiveVersion = 1;
	classes = {
	};
	objectVersion = 50;
	objects = {

/* Begin PBXBuildFile section */
		71A01F9222684E2700D5AF46 /* AppDelegate.m in Sources */ = {isa = PBXBuildFile; fileRef = 71A01F9122684E2700D5AF46 /* AppDelegate.m */; };
		71A01F9522684E2700D5AF46 /* ViewController.m in Sources */ = {isa = PBXBuildFile; fileRef = 71A01F9422684E2700D5AF46 /* ViewController.m */; };
		71A01F9722684E3500D5AF46 /* Assets.xcassets in Resources */ = {isa = PBXBuildFile; fileRef = 71A01F9622684E3500D5AF46 /* Assets.xcassets */; };
		71A01F9A22684E3500D5AF46 /* Main.storyboard in Resources */ = {isa = PBXBuildFile; fileRef = 71A01F9822684E3500D5AF46 /* Main.storyboard */; };
		71A01F9D22684E3500D5AF46 /* main.m in Sources */ = {isa = PBXBuildFile; fileRef = 71A01F9C22684E3500D5AF46 /* main.m */; };
		71A01FAA22685FFA00D5AF46 /* Credits.rtf in Resources */ = {isa = PBXBuildFile; fileRef = 71A01FA922685FF900D5AF46 /* Credits.rtf */; };
		71FCEB14227AC72A00717E3F /* CardView.m in Sources */ = {isa = PBXBuildFile; fileRef = 71FCEB13227AC72A00717E3F /* CardView.m */; };
		71FCEB18227B166F00717E3F /* libblackjack.a in Frameworks */ = {isa = PBXBuildFile; fileRef = 71FCEB17227B166F00717E3F /* libblackjack.a */; };
		71FCEB94227B233D00717E3F /* c01.png in Resources */ = {isa = PBXBuildFile; fileRef = 71FCEB25227B233D00717E3F /* c01.png */; };
		71FCEB95227B233D00717E3F /* c02.png in Resources */ = {isa = PBXBuildFile; fileRef = 71FCEB26227B233D00717E3F /* c02.png */; };
		71FCEB96227B233D00717E3F /* c03.png in Resources */ = {isa = PBXBuildFile; fileRef = 71FCEB27227B233D00717E3F /* c03.png */; };
		71FCEB97227B233D00717E3F /* c04.png in Resources */ = {isa = PBXBuildFile; fileRef = 71FCEB28227B233D00717E3F /* c04.png */; };
		71FCEB98227B233D00717E3F /* c05.png in Resources */ = {isa = PBXBuildFile; fileRef = 71FCEB29227B233D00717E3F /* c05.png */; };
		71FCEB99227B233D00717E3F /* c06.png in Resources */ = {isa = PBXBuildFile; fileRef = 71FCEB2A227B233D00717E3F /* c06.png */; };
		71FCEB9A227B233D00717E3F /* c07.png in Resources */ = {isa = PBXBuildFile; fileRef = 71FCEB2B227B233D00717E3F /* c07.png */; };
		71FCEB9B227B233D00717E3F /* c08.png in Resources */ = {isa = PBXBuildFile; fileRef = 71FCEB2C227B233D00717E3F /* c08.png */; };
		71FCEB9C227B233D00717E3F /* c09.png in Resources */ = {isa = PBXBuildFile; fileRef = 71FCEB2D227B233D00717E3F /* c09.png */; };
		71FCEB9D227B233D00717E3F /* c10.png in Resources */ = {isa = PBXBuildFile; fileRef = 71FCEB2E227B233D00717E3F /* c10.png */; };
		71FCEB9E227B233D00717E3F /* c11.png in Resources */ = {isa = PBXBuildFile; fileRef = 71FCEB2F227B233D00717E3F /* c11.png */; };
		71FCEB9F227B233D00717E3F /* c12.png in Resources */ = {isa = PBXBuildFile; fileRef = 71FCEB30227B233D00717E3F /* c12.png */; };
		71FCEBA0227B233D00717E3F /* c13.png in Resources */ = {isa = PBXBuildFile; fileRef = 71FCEB31227B233D00717E3F /* c13.png */; };
		71FCEBA1227B233D00717E3F /* d01.png in Resources */ = {isa = PBXBuildFile; fileRef = 71FCEB32227B233D00717E3F /* d01.png */; };
		71FCEBA2227B233D00717E3F /* d02.png in Resources */ = {isa = PBXBuildFile; fileRef = 71FCEB33227B233D00717E3F /* d02.png */; };
		71FCEBA3227B233D00717E3F /* d03.png in Resources */ = {isa = PBXBuildFile; fileRef = 71FCEB34227B233D00717E3F /* d03.png */; };
		71FCEBA4227B233D00717E3F /* d04.png in Resources */ = {isa = PBXBuildFile; fileRef = 71FCEB35227B233D00717E3F /* d04.png */; };
		71FCEBA5227B233D00717E3F /* d05.png in Resources */ = {isa = PBXBuildFile; fileRef = 71FCEB36227B233D00717E3F /* d05.png */; };
		71FCEBA6227B233D00717E3F /* d06.png in Resources */ = {isa = PBXBuildFile; fileRef = 71FCEB37227B233D00717E3F /* d06.png */; };
		71FCEBA7227B233D00717E3F /* d07.png in Resources */ = {isa = PBXBuildFile; fileRef = 71FCEB38227B233D00717E3F /* d07.png */; };
		71FCEBA8227B233D00717E3F /* d08.png in Resources */ = {isa = PBXBuildFile; fileRef = 71FCEB39227B233D00717E3F /* d08.png */; };
		71FCEBA9227B233D00717E3F /* d09.png in Resources */ = {isa = PBXBuildFile; fileRef = 71FCEB3A227B233D00717E3F /* d09.png */; };
		71FCEBAA227B233D00717E3F /* d10.png in Resources */ = {isa = PBXBuildFile; fileRef = 71FCEB3B227B233D00717E3F /* d10.png */; };
		71FCEBAB227B233D00717E3F /* d11.png in Resources */ = {isa = PBXBuildFile; fileRef = 71FCEB3C227B233D00717E3F /* d11.png */; };
		71FCEBAC227B233D00717E3F /* d12.png in Resources */ = {isa = PBXBuildFile; fileRef = 71FCEB3D227B233D00717E3F /* d12.png */; };
		71FCEBAD227B233D00717E3F /* d13.png in Resources */ = {isa = PBXBuildFile; fileRef = 71FCEB3E227B233D00717E3F /* d13.png */; };
		71FCEBAE227B233D00717E3F /* h01.png in Resources */ = {isa = PBXBuildFile; fileRef = 71FCEB3F227B233D00717E3F /* h01.png */; };
		71FCEBAF227B233D00717E3F /* h02.png in Resources */ = {isa = PBXBuildFile; fileRef = 71FCEB40227B233D00717E3F /* h02.png */; };
		71FCEBB0227B233D00717E3F /* h03.png in Resources */ = {isa = PBXBuildFile; fileRef = 71FCEB41227B233D00717E3F /* h03.png */; };
		71FCEBB1227B233D00717E3F /* h04.png in Resources */ = {isa = PBXBuildFile; fileRef = 71FCEB42227B233D00717E3F /* h04.png */; };
		71FCEBB2227B233D00717E3F /* h05.png in Resources */ = {isa = PBXBuildFile; fileRef = 71FCEB43227B233D00717E3F /* h05.png */; };
		71FCEBB3227B233D00717E3F /* h06.png in Resources */ = {isa = PBXBuildFile; fileRef = 71FCEB44227B233D00717E3F /* h06.png */; };
		71FCEBB4227B233D00717E3F /* h07.png in Resources */ = {isa = PBXBuildFile; fileRef = 71FCEB45227B233D00717E3F /* h07.png */; };
		71FCEBB5227B233D00717E3F /* h08.png in Resources */ = {isa = PBXBuildFile; fileRef = 71FCEB46227B233D00717E3F /* h08.png */; };
		71FCEBB6227B233D00717E3F /* h09.png in Resources */ = {isa = PBXBuildFile; fileRef = 71FCEB47227B233D00717E3F /* h09.png */; };
		71FCEBB7227B233D00717E3F /* h10.png in Resources */ = {isa = PBXBuildFile; fileRef = 71FCEB48227B233D00717E3F /* h10.png */; };
		71FCEBB8227B233D00717E3F /* h11.png in Resources */ = {isa = PBXBuildFile; fileRef = 71FCEB49227B233D00717E3F /* h11.png */; };
		71FCEBB9227B233D00717E3F /* h12.png in Resources */ = {isa = PBXBuildFile; fileRef = 71FCEB4A227B233D00717E3F /* h12.png */; };
		71FCEBBA227B233D00717E3F /* h13.png in Resources */ = {isa = PBXBuildFile; fileRef = 71FCEB4B227B233D00717E3F /* h13.png */; };
		71FCEBBB227B233D00717E3F /* s01.png in Resources */ = {isa = PBXBuildFile; fileRef = 71FCEB4C227B233D00717E3F /* s01.png */; };
		71FCEBBC227B233D00717E3F /* s02.png in Resources */ = {isa = PBXBuildFile; fileRef = 71FCEB4D227B233D00717E3F /* s02.png */; };
		71FCEBBD227B233D00717E3F /* s03.png in Resources */ = {isa = PBXBuildFile; fileRef = 71FCEB4E227B233D00717E3F /* s03.png */; };
		71FCEBBE227B233D00717E3F /* s04.png in Resources */ = {isa = PBXBuildFile; fileRef = 71FCEB4F227B233D00717E3F /* s04.png */; };
		71FCEBBF227B233D00717E3F /* s05.png in Resources */ = {isa = PBXBuildFile; fileRef = 71FCEB50227B233D00717E3F /* s05.png */; };
		71FCEBC0227B233D00717E3F /* s06.png in Resources */ = {isa = PBXBuildFile; fileRef = 71FCEB51227B233D00717E3F /* s06.png */; };
		71FCEBC1227B233D00717E3F /* s07.png in Resources */ = {isa = PBXBuildFile; fileRef = 71FCEB52227B233D00717E3F /* s07.png */; };
		71FCEBC2227B233D00717E3F /* s08.png in Resources */ = {isa = PBXBuildFile; fileRef = 71FCEB53227B233D00717E3F /* s08.png */; };
		71FCEBC3227B233D00717E3F /* s09.png in Resources */ = {isa = PBXBuildFile; fileRef = 71FCEB54227B233D00717E3F /* s09.png */; };
		71FCEBC4227B233D00717E3F /* s10.png in Resources */ = {isa = PBXBuildFile; fileRef = 71FCEB55227B233D00717E3F /* s10.png */; };
		71FCEBC5227B233D00717E3F /* s11.png in Resources */ = {isa = PBXBuildFile; fileRef = 71FCEB56227B233D00717E3F /* s11.png */; };
		71FCEBC6227B233D00717E3F /* s12.png in Resources */ = {isa = PBXBuildFile; fileRef = 71FCEB57227B233D00717E3F /* s12.png */; };
		71FCEBC7227B233D00717E3F /* s13.png in Resources */ = {isa = PBXBuildFile; fileRef = 71FCEB58227B233D00717E3F /* s13.png */; };
		71FCEBFE227B557F00717E3F /* TableConfig.m in Sources */ = {isa = PBXBuildFile; fileRef = 71FCEBFD227B557F00717E3F /* TableConfig.m */; };
/* End PBXBuildFile section */

/* Begin PBXFileReference section */
		71A01F8D22684E2700D5AF46 /* Blackjack Mac.app */ = {isa = PBXFileReference; explicitFileType = wrapper.application; includeInIndex = 0; path = "Blackjack Mac.app"; sourceTree = BUILT_PRODUCTS_DIR; };
		71A01F9022684E2700D5AF46 /* AppDelegate.h */ = {isa = PBXFileReference; lastKnownFileType = sourcecode.c.h; path = AppDelegate.h; sourceTree = "<group>"; };
		71A01F9122684E2700D5AF46 /* AppDelegate.m */ = {isa = PBXFileReference; lastKnownFileType = sourcecode.c.objc; path = AppDelegate.m; sourceTree = "<group>"; };
		71A01F9322684E2700D5AF46 /* ViewController.h */ = {isa = PBXFileReference; lastKnownFileType = sourcecode.c.h; path = ViewController.h; sourceTree = "<group>"; };
		71A01F9422684E2700D5AF46 /* ViewController.m */ = {isa = PBXFileReference; lastKnownFileType = sourcecode.c.objc; path = ViewController.m; sourceTree = "<group>"; };
		71A01F9622684E3500D5AF46 /* Assets.xcassets */ = {isa = PBXFileReference; lastKnownFileType = folder.assetcatalog; path = Assets.xcassets; sourceTree = "<group>"; };
		71A01F9922684E3500D5AF46 /* Base */ = {isa = PBXFileReference; lastKnownFileType = file.storyboard; name = Base; path = Base.lproj/Main.storyboard; sourceTree = "<group>"; };
		71A01F9B22684E3500D5AF46 /* Info.plist */ = {isa = PBXFileReference; lastKnownFileType = text.plist.xml; path = Info.plist; sourceTree = "<group>"; };
		71A01F9C22684E3500D5AF46 /* main.m */ = {isa = PBXFileReference; lastKnownFileType = sourcecode.c.objc; path = main.m; sourceTree = "<group>"; };
		71A01F9E22684E3500D5AF46 /* Blackjack_Mac.entitlements */ = {isa = PBXFileReference; lastKnownFileType = text.plist.entitlements; path = Blackjack_Mac.entitlements; sourceTree = "<group>"; };
		71A01FA522684EA500D5AF46 /* LICENSE */ = {isa = PBXFileReference; fileEncoding = 4; lastKnownFileType = text; path = LICENSE; sourceTree = "<group>"; };
		71A01FA722684EAE00D5AF46 /* README.md */ = {isa = PBXFileReference; lastKnownFileType = net.daringfireball.markdown; path = README.md; sourceTree = "<group>"; };
		71A01FA922685FF900D5AF46 /* Credits.rtf */ = {isa = PBXFileReference; fileEncoding = 4; lastKnownFileType = text.rtf; path = Credits.rtf; sourceTree = "<group>"; };
		71FCEB12227AC72A00717E3F /* CardView.h */ = {isa = PBXFileReference; lastKnownFileType = sourcecode.c.h; path = CardView.h; sourceTree = "<group>"; };
		71FCEB13227AC72A00717E3F /* CardView.m */ = {isa = PBXFileReference; lastKnownFileType = sourcecode.c.objc; path = CardView.m; sourceTree = "<group>"; };
		71FCEB17227B166F00717E3F /* libblackjack.a */ = {isa = PBXFileReference; lastKnownFileType = archive.ar; path = libblackjack.a; sourceTree = "<group>"; };
		71FCEB19227B167200717E3F /* blackjack.h */ = {isa = PBXFileReference; fileEncoding = 4; lastKnownFileType = sourcecode.c.h; path = blackjack.h; sourceTree = "<group>"; };
		71FCEB1D227B233D00717E3F /* Card-Back-01.png */ = {isa = PBXFileReference; lastKnownFileType = image.png; path = "Card-Back-01.png"; sourceTree = "<group>"; };
		71FCEB1E227B233D00717E3F /* Card-Back-02.png */ = {isa = PBXFileReference; lastKnownFileType = image.png; path = "Card-Back-02.png"; sourceTree = "<group>"; };
		71FCEB1F227B233D00717E3F /* Card-Back-03.png */ = {isa = PBXFileReference; lastKnownFileType = image.png; path = "Card-Back-03.png"; sourceTree = "<group>"; };
		71FCEB20227B233D00717E3F /* Card-Back-04.png */ = {isa = PBXFileReference; lastKnownFileType = image.png; path = "Card-Back-04.png"; sourceTree = "<group>"; };
		71FCEB21227B233D00717E3F /* Card-Back-05.png */ = {isa = PBXFileReference; lastKnownFileType = image.png; path = "Card-Back-05.png"; sourceTree = "<group>"; };
		71FCEB22227B233D00717E3F /* Card-Back-06.png */ = {isa = PBXFileReference; lastKnownFileType = image.png; path = "Card-Back-06.png"; sourceTree = "<group>"; };
		71FCEB25227B233D00717E3F /* c01.png */ = {isa = PBXFileReference; lastKnownFileType = image.png; path = c01.png; sourceTree = "<group>"; };
		71FCEB26227B233D00717E3F /* c02.png */ = {isa = PBXFileReference; lastKnownFileType = image.png; path = c02.png; sourceTree = "<group>"; };
		71FCEB27227B233D00717E3F /* c03.png */ = {isa = PBXFileReference; lastKnownFileType = image.png; path = c03.png; sourceTree = "<group>"; };
		71FCEB28227B233D00717E3F /* c04.png */ = {isa = PBXFileReference; lastKnownFileType = image.png; path = c04.png; sourceTree = "<group>"; };
		71FCEB29227B233D00717E3F /* c05.png */ = {isa = PBXFileReference; lastKnownFileType = image.png; path = c05.png; sourceTree = "<group>"; };
		71FCEB2A227B233D00717E3F /* c06.png */ = {isa = PBXFileReference; lastKnownFileType = image.png; path = c06.png; sourceTree = "<group>"; };
		71FCEB2B227B233D00717E3F /* c07.png */ = {isa = PBXFileReference; lastKnownFileType = image.png; path = c07.png; sourceTree = "<group>"; };
		71FCEB2C227B233D00717E3F /* c08.png */ = {isa = PBXFileReference; lastKnownFileType = image.png; path = c08.png; sourceTree = "<group>"; };
		71FCEB2D227B233D00717E3F /* c09.png */ = {isa = PBXFileReference; lastKnownFileType = image.png; path = c09.png; sourceTree = "<group>"; };
		71FCEB2E227B233D00717E3F /* c10.png */ = {isa = PBXFileReference; lastKnownFileType = image.png; path = c10.png; sourceTree = "<group>"; };
		71FCEB2F227B233D00717E3F /* c11.png */ = {isa = PBXFileReference; lastKnownFileType = image.png; path = c11.png; sourceTree = "<group>"; };
		71FCEB30227B233D00717E3F /* c12.png */ = {isa = PBXFileReference; lastKnownFileType = image.png; path = c12.png; sourceTree = "<group>"; };
		71FCEB31227B233D00717E3F /* c13.png */ = {isa = PBXFileReference; lastKnownFileType = image.png; path = c13.png; sourceTree = "<group>"; };
		71FCEB32227B233D00717E3F /* d01.png */ = {isa = PBXFileReference; lastKnownFileType = image.png; path = d01.png; sourceTree = "<group>"; };
		71FCEB33227B233D00717E3F /* d02.png */ = {isa = PBXFileReference; lastKnownFileType = image.png; path = d02.png; sourceTree = "<group>"; };
		71FCEB34227B233D00717E3F /* d03.png */ = {isa = PBXFileReference; lastKnownFileType = image.png; path = d03.png; sourceTree = "<group>"; };
		71FCEB35227B233D00717E3F /* d04.png */ = {isa = PBXFileReference; lastKnownFileType = image.png; path = d04.png; sourceTree = "<group>"; };
		71FCEB36227B233D00717E3F /* d05.png */ = {isa = PBXFileReference; lastKnownFileType = image.png; path = d05.png; sourceTree = "<group>"; };
		71FCEB37227B233D00717E3F /* d06.png */ = {isa = PBXFileReference; lastKnownFileType = image.png; path = d06.png; sourceTree = "<group>"; };
		71FCEB38227B233D00717E3F /* d07.png */ = {isa = PBXFileReference; lastKnownFileType = image.png; path = d07.png; sourceTree = "<group>"; };
		71FCEB39227B233D00717E3F /* d08.png */ = {isa = PBXFileReference; lastKnownFileType = image.png; path = d08.png; sourceTree = "<group>"; };
		71FCEB3A227B233D00717E3F /* d09.png */ = {isa = PBXFileReference; lastKnownFileType = image.png; path = d09.png; sourceTree = "<group>"; };
		71FCEB3B227B233D00717E3F /* d10.png */ = {isa = PBXFileReference; lastKnownFileType = image.png; path = d10.png; sourceTree = "<group>"; };
		71FCEB3C227B233D00717E3F /* d11.png */ = {isa = PBXFileReference; lastKnownFileType = image.png; path = d11.png; sourceTree = "<group>"; };
		71FCEB3D227B233D00717E3F /* d12.png */ = {isa = PBXFileReference; lastKnownFileType = image.png; path = d12.png; sourceTree = "<group>"; };
		71FCEB3E227B233D00717E3F /* d13.png */ = {isa = PBXFileReference; lastKnownFileType = image.png; path = d13.png; sourceTree = "<group>"; };
		71FCEB3F227B233D00717E3F /* h01.png */ = {isa = PBXFileReference; lastKnownFileType = image.png; path = h01.png; sourceTree = "<group>"; };
		71FCEB40227B233D00717E3F /* h02.png */ = {isa = PBXFileReference; lastKnownFileType = image.png; path = h02.png; sourceTree = "<group>"; };
		71FCEB41227B233D00717E3F /* h03.png */ = {isa = PBXFileReference; lastKnownFileType = image.png; path = h03.png; sourceTree = "<group>"; };
		71FCEB42227B233D00717E3F /* h04.png */ = {isa = PBXFileReference; lastKnownFileType = image.png; path = h04.png; sourceTree = "<group>"; };
		71FCEB43227B233D00717E3F /* h05.png */ = {isa = PBXFileReference; lastKnownFileType = image.png; path = h05.png; sourceTree = "<group>"; };
		71FCEB44227B233D00717E3F /* h06.png */ = {isa = PBXFileReference; lastKnownFileType = image.png; path = h06.png; sourceTree = "<group>"; };
		71FCEB45227B233D00717E3F /* h07.png */ = {isa = PBXFileReference; lastKnownFileType = image.png; path = h07.png; sourceTree = "<group>"; };
		71FCEB46227B233D00717E3F /* h08.png */ = {isa = PBXFileReference; lastKnownFileType = image.png; path = h08.png; sourceTree = "<group>"; };
		71FCEB47227B233D00717E3F /* h09.png */ = {isa = PBXFileReference; lastKnownFileType = image.png; path = h09.png; sourceTree = "<group>"; };
		71FCEB48227B233D00717E3F /* h10.png */ = {isa = PBXFileReference; lastKnownFileType = image.png; path = h10.png; sourceTree = "<group>"; };
		71FCEB49227B233D00717E3F /* h11.png */ = {isa = PBXFileReference; lastKnownFileType = image.png; path = h11.png; sourceTree = "<group>"; };
		71FCEB4A227B233D00717E3F /* h12.png */ = {isa = PBXFileReference; lastKnownFileType = image.png; path = h12.png; sourceTree = "<group>"; };
		71FCEB4B227B233D00717E3F /* h13.png */ = {isa = PBXFileReference; lastKnownFileType = image.png; path = h13.png; sourceTree = "<group>"; };
		71FCEB4C227B233D00717E3F /* s01.png */ = {isa = PBXFileReference; lastKnownFileType = image.png; path = s01.png; sourceTree = "<group>"; };
		71FCEB4D227B233D00717E3F /* s02.png */ = {isa = PBXFileReference; lastKnownFileType = image.png; path = s02.png; sourceTree = "<group>"; };
		71FCEB4E227B233D00717E3F /* s03.png */ = {isa = PBXFileReference; lastKnownFileType = image.png; path = s03.png; sourceTree = "<group>"; };
		71FCEB4F227B233D00717E3F /* s04.png */ = {isa = PBXFileReference; lastKnownFileType = image.png; path = s04.png; sourceTree = "<group>"; };
		71FCEB50227B233D00717E3F /* s05.png */ = {isa = PBXFileReference; lastKnownFileType = image.png; path = s05.png; sourceTree = "<group>"; };
		71FCEB51227B233D00717E3F /* s06.png */ = {isa = PBXFileReference; lastKnownFileType = image.png; path = s06.png; sourceTree = "<group>"; };
		71FCEB52227B233D00717E3F /* s07.png */ = {isa = PBXFileReference; lastKnownFileType = image.png; path = s07.png; sourceTree = "<group>"; };
		71FCEB53227B233D00717E3F /* s08.png */ = {isa = PBXFileReference; lastKnownFileType = image.png; path = s08.png; sourceTree = "<group>"; };
		71FCEB54227B233D00717E3F /* s09.png */ = {isa = PBXFileReference; lastKnownFileType = image.png; path = s09.png; sourceTree = "<group>"; };
		71FCEB55227B233D00717E3F /* s10.png */ = {isa = PBXFileReference; lastKnownFileType = image.png; path = s10.png; sourceTree = "<group>"; };
		71FCEB56227B233D00717E3F /* s11.png */ = {isa = PBXFileReference; lastKnownFileType = image.png; path = s11.png; sourceTree = "<group>"; };
		71FCEB57227B233D00717E3F /* s12.png */ = {isa = PBXFileReference; lastKnownFileType = image.png; path = s12.png; sourceTree = "<group>"; };
		71FCEB58227B233D00717E3F /* s13.png */ = {isa = PBXFileReference; lastKnownFileType = image.png; path = s13.png; sourceTree = "<group>"; };
		71FCEBFC227B557F00717E3F /* TableConfig.h */ = {isa = PBXFileReference; lastKnownFileType = sourcecode.c.h; path = TableConfig.h; sourceTree = "<group>"; };
		71FCEBFD227B557F00717E3F /* TableConfig.m */ = {isa = PBXFileReference; lastKnownFileType = sourcecode.c.objc; path = TableConfig.m; sourceTree = "<group>"; };
/* End PBXFileReference section */

/* Begin PBXFrameworksBuildPhase section */
		71A01F8A22684E2700D5AF46 /* Frameworks */ = {
			isa = PBXFrameworksBuildPhase;
			buildActionMask = 2147483647;
			files = (
				71FCEB18227B166F00717E3F /* libblackjack.a in Frameworks */,
			);
			runOnlyForDeploymentPostprocessing = 0;
		};
/* End PBXFrameworksBuildPhase section */

/* Begin PBXGroup section */
		71A01F8422684E2700D5AF46 = {
			isa = PBXGroup;
			children = (
				71FCEB1A227B22F800717E3F /* Assets */,
				71FCEB16227B164C00717E3F /* lib */,
				71FCEB15227B164800717E3F /* inc */,
				71A01FA422684E9E00D5AF46 /* Meta */,
				71A01F8F22684E2700D5AF46 /* Blackjack Mac */,
				71A01F8E22684E2700D5AF46 /* Products */,
			);
			sourceTree = "<group>";
		};
		71A01F8E22684E2700D5AF46 /* Products */ = {
			isa = PBXGroup;
			children = (
				71A01F8D22684E2700D5AF46 /* Blackjack Mac.app */,
			);
			name = Products;
			sourceTree = "<group>";
		};
		71A01F8F22684E2700D5AF46 /* Blackjack Mac */ = {
			isa = PBXGroup;
			children = (
				71A01FA922685FF900D5AF46 /* Credits.rtf */,
				71A01F9022684E2700D5AF46 /* AppDelegate.h */,
				71A01F9122684E2700D5AF46 /* AppDelegate.m */,
				71A01F9322684E2700D5AF46 /* ViewController.h */,
				71A01F9422684E2700D5AF46 /* ViewController.m */,
				71A01F9622684E3500D5AF46 /* Assets.xcassets */,
				71A01F9822684E3500D5AF46 /* Main.storyboard */,
				71A01F9B22684E3500D5AF46 /* Info.plist */,
				71A01F9C22684E3500D5AF46 /* main.m */,
				71A01F9E22684E3500D5AF46 /* Blackjack_Mac.entitlements */,
				71FCEB12227AC72A00717E3F /* CardView.h */,
				71FCEB13227AC72A00717E3F /* CardView.m */,
				71FCEBFC227B557F00717E3F /* TableConfig.h */,
				71FCEBFD227B557F00717E3F /* TableConfig.m */,
			);
			path = "Blackjack Mac";
			sourceTree = "<group>";
		};
		71A01FA422684E9E00D5AF46 /* Meta */ = {
			isa = PBXGroup;
			children = (
				71A01FA522684EA500D5AF46 /* LICENSE */,
				71A01FA722684EAE00D5AF46 /* README.md */,
			);
			name = Meta;
			sourceTree = "<group>";
		};
		71FCEB15227B164800717E3F /* inc */ = {
			isa = PBXGroup;
			children = (
				71FCEB19227B167200717E3F /* blackjack.h */,
			);
			path = inc;
			sourceTree = "<group>";
		};
		71FCEB16227B164C00717E3F /* lib */ = {
			isa = PBXGroup;
			children = (
				71FCEB17227B166F00717E3F /* libblackjack.a */,
			);
			path = lib;
			sourceTree = "<group>";
		};
		71FCEB1A227B22F800717E3F /* Assets */ = {
			isa = PBXGroup;
			children = (
				71FCEB1B227B22FB00717E3F /* Sprites */,
			);
			path = Assets;
			sourceTree = "<group>";
		};
		71FCEB1B227B22FB00717E3F /* Sprites */ = {
			isa = PBXGroup;
			children = (
				71FCEB1C227B233D00717E3F /* Backs */,
				71FCEB23227B233D00717E3F /* Cards */,
			);
			path = Sprites;
			sourceTree = "<group>";
		};
		71FCEB1C227B233D00717E3F /* Backs */ = {
			isa = PBXGroup;
			children = (
				71FCEB1D227B233D00717E3F /* Card-Back-01.png */,
				71FCEB1E227B233D00717E3F /* Card-Back-02.png */,
				71FCEB1F227B233D00717E3F /* Card-Back-03.png */,
				71FCEB20227B233D00717E3F /* Card-Back-04.png */,
				71FCEB21227B233D00717E3F /* Card-Back-05.png */,
				71FCEB22227B233D00717E3F /* Card-Back-06.png */,
			);
			path = Backs;
			sourceTree = "<group>";
		};
		71FCEB23227B233D00717E3F /* Cards */ = {
			isa = PBXGroup;
			children = (
				71FCEB24227B233D00717E3F /* Classic */,
			);
			path = Cards;
			sourceTree = "<group>";
		};
		71FCEB24227B233D00717E3F /* Classic */ = {
			isa = PBXGroup;
			children = (
				71FCEB25227B233D00717E3F /* c01.png */,
				71FCEB26227B233D00717E3F /* c02.png */,
				71FCEB27227B233D00717E3F /* c03.png */,
				71FCEB28227B233D00717E3F /* c04.png */,
				71FCEB29227B233D00717E3F /* c05.png */,
				71FCEB2A227B233D00717E3F /* c06.png */,
				71FCEB2B227B233D00717E3F /* c07.png */,
				71FCEB2C227B233D00717E3F /* c08.png */,
				71FCEB2D227B233D00717E3F /* c09.png */,
				71FCEB2E227B233D00717E3F /* c10.png */,
				71FCEB2F227B233D00717E3F /* c11.png */,
				71FCEB30227B233D00717E3F /* c12.png */,
				71FCEB31227B233D00717E3F /* c13.png */,
				71FCEB32227B233D00717E3F /* d01.png */,
				71FCEB33227B233D00717E3F /* d02.png */,
				71FCEB34227B233D00717E3F /* d03.png */,
				71FCEB35227B233D00717E3F /* d04.png */,
				71FCEB36227B233D00717E3F /* d05.png */,
				71FCEB37227B233D00717E3F /* d06.png */,
				71FCEB38227B233D00717E3F /* d07.png */,
				71FCEB39227B233D00717E3F /* d08.png */,
				71FCEB3A227B233D00717E3F /* d09.png */,
				71FCEB3B227B233D00717E3F /* d10.png */,
				71FCEB3C227B233D00717E3F /* d11.png */,
				71FCEB3D227B233D00717E3F /* d12.png */,
				71FCEB3E227B233D00717E3F /* d13.png */,
				71FCEB3F227B233D00717E3F /* h01.png */,
				71FCEB40227B233D00717E3F /* h02.png */,
				71FCEB41227B233D00717E3F /* h03.png */,
				71FCEB42227B233D00717E3F /* h04.png */,
				71FCEB43227B233D00717E3F /* h05.png */,
				71FCEB44227B233D00717E3F /* h06.png */,
				71FCEB45227B233D00717E3F /* h07.png */,
				71FCEB46227B233D00717E3F /* h08.png */,
				71FCEB47227B233D00717E3F /* h09.png */,
				71FCEB48227B233D00717E3F /* h10.png */,
				71FCEB49227B233D00717E3F /* h11.png */,
				71FCEB4A227B233D00717E3F /* h12.png */,
				71FCEB4B227B233D00717E3F /* h13.png */,
				71FCEB4C227B233D00717E3F /* s01.png */,
				71FCEB4D227B233D00717E3F /* s02.png */,
				71FCEB4E227B233D00717E3F /* s03.png */,
				71FCEB4F227B233D00717E3F /* s04.png */,
				71FCEB50227B233D00717E3F /* s05.png */,
				71FCEB51227B233D00717E3F /* s06.png */,
				71FCEB52227B233D00717E3F /* s07.png */,
				71FCEB53227B233D00717E3F /* s08.png */,
				71FCEB54227B233D00717E3F /* s09.png */,
				71FCEB55227B233D00717E3F /* s10.png */,
				71FCEB56227B233D00717E3F /* s11.png */,
				71FCEB57227B233D00717E3F /* s12.png */,
				71FCEB58227B233D00717E3F /* s13.png */,
			);
			path = Classic;
			sourceTree = "<group>";
		};
/* End PBXGroup section */

/* Begin PBXNativeTarget section */
		71A01F8C22684E2700D5AF46 /* Blackjack Mac */ = {
			isa = PBXNativeTarget;
			buildConfigurationList = 71A01FA122684E3500D5AF46 /* Build configuration list for PBXNativeTarget "Blackjack Mac" */;
			buildPhases = (
				71A01F8922684E2700D5AF46 /* Sources */,
				71A01F8A22684E2700D5AF46 /* Frameworks */,
				71A01F8B22684E2700D5AF46 /* Resources */,
			);
			buildRules = (
			);
			dependencies = (
			);
			name = "Blackjack Mac";
			productName = "Blackjack Mac";
			productReference = 71A01F8D22684E2700D5AF46 /* Blackjack Mac.app */;
			productType = "com.apple.product-type.application";
		};
/* End PBXNativeTarget section */

/* Begin PBXProject section */
		71A01F8522684E2700D5AF46 /* Project object */ = {
			isa = PBXProject;
			attributes = {
				LastUpgradeCheck = 1010;
				ORGANIZATIONNAME = Arc676;
				TargetAttributes = {
					71A01F8C22684E2700D5AF46 = {
						CreatedOnToolsVersion = 10.1;
					};
				};
			};
			buildConfigurationList = 71A01F8822684E2700D5AF46 /* Build configuration list for PBXProject "Blackjack Mac" */;
			compatibilityVersion = "Xcode 9.3";
			developmentRegion = en;
			hasScannedForEncodings = 0;
			knownRegions = (
				en,
				Base,
			);
			mainGroup = 71A01F8422684E2700D5AF46;
			productRefGroup = 71A01F8E22684E2700D5AF46 /* Products */;
			projectDirPath = "";
			projectRoot = "";
			targets = (
				71A01F8C22684E2700D5AF46 /* Blackjack Mac */,
			);
		};
/* End PBXProject section */

/* Begin PBXResourcesBuildPhase section */
		71A01F8B22684E2700D5AF46 /* Resources */ = {
			isa = PBXResourcesBuildPhase;
			buildActionMask = 2147483647;
			files = (
				71FCEBB3227B233D00717E3F /* h06.png in Resources */,
				71FCEBA3227B233D00717E3F /* d03.png in Resources */,
				71FCEB9A227B233D00717E3F /* c07.png in Resources */,
				71FCEBC0227B233D00717E3F /* s06.png in Resources */,
				71FCEBA4227B233D00717E3F /* d04.png in Resources */,
				71FCEBB9227B233D00717E3F /* h12.png in Resources */,
				71FCEB96227B233D00717E3F /* c03.png in Resources */,
				71FCEB9C227B233D00717E3F /* c09.png in Resources */,
				71A01FAA22685FFA00D5AF46 /* Credits.rtf in Resources */,
				71FCEBA8227B233D00717E3F /* d08.png in Resources */,
				71FCEBB7227B233D00717E3F /* h10.png in Resources */,
				71FCEBA6227B233D00717E3F /* d06.png in Resources */,
				71FCEB98227B233D00717E3F /* c05.png in Resources */,
				71FCEBBD227B233D00717E3F /* s03.png in Resources */,
				71FCEBA7227B233D00717E3F /* d07.png in Resources */,
				71FCEBC7227B233D00717E3F /* s13.png in Resources */,
				71FCEBA5227B233D00717E3F /* d05.png in Resources */,
				71FCEBC6227B233D00717E3F /* s12.png in Resources */,
				71FCEBAE227B233D00717E3F /* h01.png in Resources */,
				71FCEBC2227B233D00717E3F /* s08.png in Resources */,
				71FCEBAF227B233D00717E3F /* h02.png in Resources */,
				71FCEBBF227B233D00717E3F /* s05.png in Resources */,
				71FCEBB0227B233D00717E3F /* h03.png in Resources */,
				71A01F9722684E3500D5AF46 /* Assets.xcassets in Resources */,
				71FCEB9B227B233D00717E3F /* c08.png in Resources */,
				71FCEBBE227B233D00717E3F /* s04.png in Resources */,
				71FCEBC3227B233D00717E3F /* s09.png in Resources */,
				71FCEBB5227B233D00717E3F /* h08.png in Resources */,
				71FCEBBB227B233D00717E3F /* s01.png in Resources */,
				71FCEBAB227B233D00717E3F /* d11.png in Resources */,
				71FCEBC5227B233D00717E3F /* s11.png in Resources */,
				71FCEBC4227B233D00717E3F /* s10.png in Resources */,
				71FCEBA0227B233D00717E3F /* c13.png in Resources */,
				71FCEBB4227B233D00717E3F /* h07.png in Resources */,
				71FCEB95227B233D00717E3F /* c02.png in Resources */,
				71FCEBBC227B233D00717E3F /* s02.png in Resources */,
				71FCEBAD227B233D00717E3F /* d13.png in Resources */,
				71FCEBA9227B233D00717E3F /* d09.png in Resources */,
				71FCEB9E227B233D00717E3F /* c11.png in Resources */,
				71FCEBAC227B233D00717E3F /* d12.png in Resources */,
				71FCEBB2227B233D00717E3F /* h05.png in Resources */,
				71FCEBB6227B233D00717E3F /* h09.png in Resources */,
				71FCEB9D227B233D00717E3F /* c10.png in Resources */,
				71FCEB94227B233D00717E3F /* c01.png in Resources */,
				71FCEBBA227B233D00717E3F /* h13.png in Resources */,
				71FCEBA2227B233D00717E3F /* d02.png in Resources */,
				71FCEBB8227B233D00717E3F /* h11.png in Resources */,
				71FCEBB1227B233D00717E3F /* h04.png in Resources */,
				71FCEBA1227B233D00717E3F /* d01.png in Resources */,
				71FCEBC1227B233D00717E3F /* s07.png in Resources */,
				71FCEB9F227B233D00717E3F /* c12.png in Resources */,
				71FCEB97227B233D00717E3F /* c04.png in Resources */,
				71A01F9A22684E3500D5AF46 /* Main.storyboard in Resources */,
				71FCEB99227B233D00717E3F /* c06.png in Resources */,
				71FCEBAA227B233D00717E3F /* d10.png in Resources */,
			);
			runOnlyForDeploymentPostprocessing = 0;
		};
/* End PBXResourcesBuildPhase section */

/* Begin PBXSourcesBuildPhase section */
		71A01F8922684E2700D5AF46 /* Sources */ = {
			isa = PBXSourcesBuildPhase;
			buildActionMask = 2147483647;
			files = (
				71A01F9522684E2700D5AF46 /* ViewController.m in Sources */,
				71A01F9D22684E3500D5AF46 /* main.m in Sources */,
				71FCEBFE227B557F00717E3F /* TableConfig.m in Sources */,
				71FCEB14227AC72A00717E3F /* CardView.m in Sources */,
				71A01F9222684E2700D5AF46 /* AppDelegate.m in Sources */,
			);
			runOnlyForDeploymentPostprocessing = 0;
		};
/* End PBXSourcesBuildPhase section */

/* Begin PBXVariantGroup section */
		71A01F9822684E3500D5AF46 /* Main.storyboard */ = {
			isa = PBXVariantGroup;
			children = (
				71A01F9922684E3500D5AF46 /* Base */,
			);
			name = Main.storyboard;
			sourceTree = "<group>";
		};
/* End PBXVariantGroup section */

/* Begin XCBuildConfiguration section */
		71A01F9F22684E3500D5AF46 /* Debug */ = {
			isa = XCBuildConfiguration;
			buildSettings = {
				ALWAYS_SEARCH_USER_PATHS = NO;
				CLANG_ANALYZER_NONNULL = YES;
				CLANG_ANALYZER_NUMBER_OBJECT_CONVERSION = YES_AGGRESSIVE;
				CLANG_CXX_LANGUAGE_STANDARD = "gnu++14";
				CLANG_CXX_LIBRARY = "libc++";
				CLANG_ENABLE_MODULES = YES;
				CLANG_ENABLE_OBJC_ARC = YES;
				CLANG_ENABLE_OBJC_WEAK = YES;
				CLANG_WARN_BLOCK_CAPTURE_AUTORELEASING = YES;
				CLANG_WARN_BOOL_CONVERSION = YES;
				CLANG_WARN_COMMA = YES;
				CLANG_WARN_CONSTANT_CONVERSION = YES;
				CLANG_WARN_DEPRECATED_OBJC_IMPLEMENTATIONS = YES;
				CLANG_WARN_DIRECT_OBJC_ISA_USAGE = YES_ERROR;
				CLANG_WARN_DOCUMENTATION_COMMENTS = YES;
				CLANG_WARN_EMPTY_BODY = YES;
				CLANG_WARN_ENUM_CONVERSION = YES;
				CLANG_WARN_INFINITE_RECURSION = YES;
				CLANG_WARN_INT_CONVERSION = YES;
				CLANG_WARN_NON_LITERAL_NULL_CONVERSION = YES;
				CLANG_WARN_OBJC_IMPLICIT_RETAIN_SELF = YES;
				CLANG_WARN_OBJC_LITERAL_CONVERSION = YES;
				CLANG_WARN_OBJC_ROOT_CLASS = YES_ERROR;
				CLANG_WARN_RANGE_LOOP_ANALYSIS = YES;
				CLANG_WARN_STRICT_PROTOTYPES = YES;
				CLANG_WARN_SUSPICIOUS_MOVE = YES;
				CLANG_WARN_UNGUARDED_AVAILABILITY = YES_AGGRESSIVE;
				CLANG_WARN_UNREACHABLE_CODE = YES;
				CLANG_WARN__DUPLICATE_METHOD_MATCH = YES;
				CODE_SIGN_IDENTITY = "Mac Developer";
				COPY_PHASE_STRIP = NO;
				DEBUG_INFORMATION_FORMAT = dwarf;
				ENABLE_STRICT_OBJC_MSGSEND = YES;
				ENABLE_TESTABILITY = YES;
				GCC_C_LANGUAGE_STANDARD = gnu11;
				GCC_DYNAMIC_NO_PIC = NO;
				GCC_NO_COMMON_BLOCKS = YES;
				GCC_OPTIMIZATION_LEVEL = 0;
				GCC_PREPROCESSOR_DEFINITIONS = (
					"DEBUG=1",
					"$(inherited)",
				);
				GCC_WARN_64_TO_32_BIT_CONVERSION = YES;
				GCC_WARN_ABOUT_RETURN_TYPE = YES_ERROR;
				GCC_WARN_UNDECLARED_SELECTOR = YES;
				GCC_WARN_UNINITIALIZED_AUTOS = YES_AGGRESSIVE;
				GCC_WARN_UNUSED_FUNCTION = YES;
				GCC_WARN_UNUSED_VARIABLE = YES;
				MACOSX_DEPLOYMENT_TARGET = 10.13;
				MTL_ENABLE_DEBUG_INFO = INCLUDE_SOURCE;
				MTL_FAST_MATH = YES;
				ONLY_ACTIVE_ARCH = YES;
				SDKROOT = macosx;
			};
			name = Debug;
		};
		71A01FA022684E3500D5AF46 /* Release */ = {
			isa = XCBuildConfiguration;
			buildSettings = {
				ALWAYS_SEARCH_USER_PATHS = NO;
				CLANG_ANALYZER_NONNULL = YES;
				CLANG_ANALYZER_NUMBER_OBJECT_CONVERSION = YES_AGGRESSIVE;
				CLANG_CXX_LANGUAGE_STANDARD = "gnu++14";
				CLANG_CXX_LIBRARY = "libc++";
				CLANG_ENABLE_MODULES = YES;
				CLANG_ENABLE_OBJC_ARC = YES;
				CLANG_ENABLE_OBJC_WEAK = YES;
				CLANG_WARN_BLOCK_CAPTURE_AUTORELEASING = YES;
				CLANG_WARN_BOOL_CONVERSION = YES;
				CLANG_WARN_COMMA = YES;
				CLANG_WARN_CONSTANT_CONVERSION = YES;
				CLANG_WARN_DEPRECATED_OBJC_IMPLEMENTATIONS = YES;
				CLANG_WARN_DIRECT_OBJC_ISA_USAGE = YES_ERROR;
				CLANG_WARN_DOCUMENTATION_COMMENTS = YES;
				CLANG_WARN_EMPTY_BODY = YES;
				CLANG_WARN_ENUM_CONVERSION = YES;
				CLANG_WARN_INFINITE_RECURSION = YES;
				CLANG_WARN_INT_CONVERSION = YES;
				CLANG_WARN_NON_LITERAL_NULL_CONVERSION = YES;
				CLANG_WARN_OBJC_IMPLICIT_RETAIN_SELF = YES;
				CLANG_WARN_OBJC_LITERAL_CONVERSION = YES;
				CLANG_WARN_OBJC_ROOT_CLASS = YES_ERROR;
				CLANG_WARN_RANGE_LOOP_ANALYSIS = YES;
				CLANG_WARN_STRICT_PROTOTYPES = YES;
				CLANG_WARN_SUSPICIOUS_MOVE = YES;
				CLANG_WARN_UNGUARDED_AVAILABILITY = YES_AGGRESSIVE;
				CLANG_WARN_UNREACHABLE_CODE = YES;
				CLANG_WARN__DUPLICATE_METHOD_MATCH = YES;
				CODE_SIGN_IDENTITY = "Mac Developer";
				COPY_PHASE_STRIP = NO;
				DEBUG_INFORMATION_FORMAT = "dwarf-with-dsym";
				ENABLE_NS_ASSERTIONS = NO;
				ENABLE_STRICT_OBJC_MSGSEND = YES;
				GCC_C_LANGUAGE_STANDARD = gnu11;
				GCC_NO_COMMON_BLOCKS = YES;
				GCC_WARN_64_TO_32_BIT_CONVERSION = YES;
				GCC_WARN_ABOUT_RETURN_TYPE = YES_ERROR;
				GCC_WARN_UNDECLARED_SELECTOR = YES;
				GCC_WARN_UNINITIALIZED_AUTOS = YES_AGGRESSIVE;
				GCC_WARN_UNUSED_FUNCTION = YES;
				GCC_WARN_UNUSED_VARIABLE = YES;
				MACOSX_DEPLOYMENT_TARGET = 10.13;
				MTL_ENABLE_DEBUG_INFO = NO;
				MTL_FAST_MATH = YES;
				SDKROOT = macosx;
			};
			name = Release;
		};
		71A01FA222684E3500D5AF46 /* Debug */ = {
			isa = XCBuildConfiguration;
			buildSettings = {
				ASSETCATALOG_COMPILER_APPICON_NAME = AppIcon;
				CODE_SIGN_ENTITLEMENTS = "Blackjack Mac/Blackjack_Mac.entitlements";
				CODE_SIGN_STYLE = Automatic;
				COMBINE_HIDPI_IMAGES = YES;
				DEVELOPMENT_TEAM = T42F23M422;
				INFOPLIST_FILE = "Blackjack Mac/Info.plist";
				LD_RUNPATH_SEARCH_PATHS = (
					"$(inherited)",
					"@executable_path/../Frameworks",
				);
				LIBRARY_SEARCH_PATHS = (
					"$(inherited)",
					"$(PROJECT_DIR)/lib",
				);
				PRODUCT_BUNDLE_IDENTIFIER = "Arc676.Blackjack-Mac";
				PRODUCT_NAME = "$(TARGET_NAME)";
			};
			name = Debug;
		};
		71A01FA322684E3500D5AF46 /* Release */ = {
			isa = XCBuildConfiguration;
			buildSettings = {
				ASSETCATALOG_COMPILER_APPICON_NAME = AppIcon;
				CODE_SIGN_ENTITLEMENTS = "Blackjack Mac/Blackjack_Mac.entitlements";
				CODE_SIGN_STYLE = Automatic;
				COMBINE_HIDPI_IMAGES = YES;
				DEVELOPMENT_TEAM = T42F23M422;
				INFOPLIST_FILE = "Blackjack Mac/Info.plist";
				LD_RUNPATH_SEARCH_PATHS = (
					"$(inherited)",
					"@executable_path/../Frameworks",
				);
				LIBRARY_SEARCH_PATHS = (
					"$(inherited)",
					"$(PROJECT_DIR)/lib",
				);
				PRODUCT_BUNDLE_IDENTIFIER = "Arc676.Blackjack-Mac";
				PRODUCT_NAME = "$(TARGET_NAME)";
			};
			name = Release;
		};
/* End XCBuildConfiguration section */

/* Begin XCConfigurationList section */
		71A01F8822684E2700D5AF46 /* Build configuration list for PBXProject "Blackjack Mac" */ = {
			isa = XCConfigurationList;
			buildConfigurations = (
				71A01F9F22684E3500D5AF46 /* Debug */,
				71A01FA022684E3500D5AF46 /* Release */,
			);
			defaultConfigurationIsVisible = 0;
			defaultConfigurationName = Release;
		};
		71A01FA122684E3500D5AF46 /* Build configuration list for PBXNativeTarget "Blackjack Mac" */ = {
			isa = XCConfigurationList;
			buildConfigurations = (
				71A01FA222684E3500D5AF46 /* Debug */,
				71A01FA322684E3500D5AF46 /* Release */,
			);
			defaultConfigurationIsVisible = 0;
			defaultConfigurationName = Release;
		};
/* End XCConfigurationList section */
	};
	rootObject = 71A01F8522684E2700D5AF46 /* Project object */;
}
